
Microsoft Visual Studio Solution File, Format Version 12.00
# Visual Studio 2015
Project("{FAE04EC0-301F-11D3-BF4B-00C04F79EFBC}") = "Greg the Ghoul.CSharp", "Greg the Ghoul.CSharp.csproj", "{E01DBBC9-98BD-9804-22E1-B25684852E4D}"
EndProject
Project("{FAE04EC0-301F-11D3-BF4B-00C04F79EFBC}") = "Greg the Ghoul.CSharp.Editor", "Greg the Ghoul.CSharp.Editor.csproj", "{83B9F534-232A-ED2C-7A68-22AFF84F21A7}"
EndProject
Global
	GlobalSection(SolutionConfigurationPlatforms) = preSolution
		Debug|Any CPU = Debug|Any CPU
		Release|Any CPU = Release|Any CPU
	EndGlobalSection
	GlobalSection(ProjectConfigurationPlatforms) = postSolution
		{E01DBBC9-98BD-9804-22E1-B25684852E4D}.Debug|Any CPU.ActiveCfg = Debug|Any CPU
		{E01DBBC9-98BD-9804-22E1-B25684852E4D}.Debug|Any CPU.Build.0 = Debug|Any CPU
		{E01DBBC9-98BD-9804-22E1-B25684852E4D}.Release|Any CPU.ActiveCfg = Release|Any CPU
		{E01DBBC9-98BD-9804-22E1-B25684852E4D}.Release|Any CPU.Build.0 = Release|Any CPU
		{83B9F534-232A-ED2C-7A68-22AFF84F21A7}.Debug|Any CPU.ActiveCfg = Debug|Any CPU
		{83B9F534-232A-ED2C-7A68-22AFF84F21A7}.Debug|Any CPU.Build.0 = Debug|Any CPU
		{83B9F534-232A-ED2C-7A68-22AFF84F21A7}.Release|Any CPU.ActiveCfg = Release|Any CPU
		{83B9F534-232A-ED2C-7A68-22AFF84F21A7}.Release|Any CPU.Build.0 = Release|Any CPU
	EndGlobalSection
	GlobalSection(SolutionProperties) = preSolution
		HideSolutionNode = FALSE
	EndGlobalSection
EndGlobal
